
Microsoft Visual Studio Solution File, Format Version 12.00
# Visual Studio Version 17
VisualStudioVersion = 17.7.34221.43
MinimumVisualStudioVersion = 10.0.40219.1
Project("{FAE04EC0-301F-11D3-BF4B-00C04F79EFBC}") = "OldPhoneButton", "OldPhoneButton\OldPhoneButton.csproj", "{66EBE8E1-50BB-422D-80F3-B7BC90FF9080}"
EndProject
Project("{FAE04EC0-301F-11D3-BF4B-00C04F79EFBC}") = "OldPhoneButton.Tests", "OldPhoneButton.Tests\OldPhoneButton.Tests.csproj", "{FB0C78AA-20DB-437E-8423-9A92F7B9C655}"
EndProject
Global
	GlobalSection(SolutionConfigurationPlatforms) = preSolution
		Debug|Any CPU = Debug|Any CPU
		Release|Any CPU = Release|Any CPU
	EndGlobalSection
	GlobalSection(ProjectConfigurationPlatforms) = postSolution
		{66EBE8E1-50BB-422D-80F3-B7BC90FF9080}.Debug|Any CPU.ActiveCfg = Debug|Any CPU
		{66EBE8E1-50BB-422D-80F3-B7BC90FF9080}.Debug|Any CPU.Build.0 = Debug|Any CPU
		{66EBE8E1-50BB-422D-80F3-B7BC90FF9080}.Release|Any CPU.ActiveCfg = Release|Any CPU
		{66EBE8E1-50BB-422D-80F3-B7BC90FF9080}.Release|Any CPU.Build.0 = Release|Any CPU
		{FB0C78AA-20DB-437E-8423-9A92F7B9C655}.Debug|Any CPU.ActiveCfg = Debug|Any CPU
		{FB0C78AA-20DB-437E-8423-9A92F7B9C655}.Debug|Any CPU.Build.0 = Debug|Any CPU
		{FB0C78AA-20DB-437E-8423-9A92F7B9C655}.Release|Any CPU.ActiveCfg = Release|Any CPU
		{FB0C78AA-20DB-437E-8423-9A92F7B9C655}.Release|Any CPU.Build.0 = Release|Any CPU
	EndGlobalSection
	GlobalSection(SolutionProperties) = preSolution
		HideSolutionNode = FALSE
	EndGlobalSection
	GlobalSection(ExtensibilityGlobals) = postSolution
		SolutionGuid = {44B21FF7-9777-4590-84A7-39FFB52ED9A6}
	EndGlobalSection
EndGlobal
